// !$*UTF8*$!
{
	archiveVersion = 1;
	classes = {
	};
	objectVersion = 46;
	objects = {

/* Begin PBXBuildFile section */
		2C5545BD1C1124DE00728469 /* SwiftRadioUITests.swift in Sources */ = {isa = PBXBuildFile; fileRef = 2C5545BC1C1124DE00728469 /* SwiftRadioUITests.swift */; };
		3B81F92222BDBD5500B32A70 /* SwiftyJSON.swift in Sources */ = {isa = PBXBuildFile; fileRef = 3B81F92122BDBD5500B32A70 /* SwiftyJSON.swift */; };
		3B81F94122BDBD8600B32A70 /* DesignableView.swift in Sources */ = {isa = PBXBuildFile; fileRef = 3B81F92322BDBD8200B32A70 /* DesignableView.swift */; };
		3B81F94222BDBD8600B32A70 /* SpringView.swift in Sources */ = {isa = PBXBuildFile; fileRef = 3B81F92422BDBD8200B32A70 /* SpringView.swift */; };
		3B81F94322BDBD8600B32A70 /* DesignableImageView.swift in Sources */ = {isa = PBXBuildFile; fileRef = 3B81F92522BDBD8200B32A70 /* DesignableImageView.swift */; };
		3B81F94422BDBD8600B32A70 /* SpringImageView.swift in Sources */ = {isa = PBXBuildFile; fileRef = 3B81F92622BDBD8200B32A70 /* SpringImageView.swift */; };
		3B81F94522BDBD8600B32A70 /* SpringLabel.swift in Sources */ = {isa = PBXBuildFile; fileRef = 3B81F92722BDBD8200B32A70 /* SpringLabel.swift */; };
		3B81F94622BDBD8600B32A70 /* DesignableLabel.swift in Sources */ = {isa = PBXBuildFile; fileRef = 3B81F92822BDBD8200B32A70 /* DesignableLabel.swift */; };
		3B81F94722BDBD8600B32A70 /* BlurView.swift in Sources */ = {isa = PBXBuildFile; fileRef = 3B81F92922BDBD8200B32A70 /* BlurView.swift */; };
		3B81F94822BDBD8600B32A70 /* TransitionManager.swift in Sources */ = {isa = PBXBuildFile; fileRef = 3B81F92A22BDBD8200B32A70 /* TransitionManager.swift */; };
		3B81F94922BDBD8600B32A70 /* DesignableTextView.swift in Sources */ = {isa = PBXBuildFile; fileRef = 3B81F92B22BDBD8300B32A70 /* DesignableTextView.swift */; };
		3B81F94A22BDBD8600B32A70 /* TransitionZoom.swift in Sources */ = {isa = PBXBuildFile; fileRef = 3B81F92C22BDBD8300B32A70 /* TransitionZoom.swift */; };
		3B81F94B22BDBD8600B32A70 /* DesignableButton.swift in Sources */ = {isa = PBXBuildFile; fileRef = 3B81F92D22BDBD8300B32A70 /* DesignableButton.swift */; };
		3B81F94C22BDBD8600B32A70 /* SpringTextField.swift in Sources */ = {isa = PBXBuildFile; fileRef = 3B81F92E22BDBD8300B32A70 /* SpringTextField.swift */; };
		3B81F94D22BDBD8600B32A70 /* AsyncButton.swift in Sources */ = {isa = PBXBuildFile; fileRef = 3B81F92F22BDBD8300B32A70 /* AsyncButton.swift */; };
		3B81F94E22BDBD8600B32A70 /* SpringButton.swift in Sources */ = {isa = PBXBuildFile; fileRef = 3B81F93022BDBD8300B32A70 /* SpringButton.swift */; };
		3B81F94F22BDBD8600B32A70 /* ImageLoader.swift in Sources */ = {isa = PBXBuildFile; fileRef = 3B81F93122BDBD8300B32A70 /* ImageLoader.swift */; };
		3B81F95022BDBD8600B32A70 /* SpringAnimation.swift in Sources */ = {isa = PBXBuildFile; fileRef = 3B81F93222BDBD8300B32A70 /* SpringAnimation.swift */; };
		3B81F95122BDBD8600B32A70 /* UnwindSegue.swift in Sources */ = {isa = PBXBuildFile; fileRef = 3B81F93322BDBD8300B32A70 /* UnwindSegue.swift */; };
		3B81F95222BDBD8600B32A70 /* AsyncImageView.swift in Sources */ = {isa = PBXBuildFile; fileRef = 3B81F93422BDBD8400B32A70 /* AsyncImageView.swift */; };
		3B81F95322BDBD8600B32A70 /* SpringTextView.swift in Sources */ = {isa = PBXBuildFile; fileRef = 3B81F93522BDBD8400B32A70 /* SpringTextView.swift */; };
		3B81F95422BDBD8600B32A70 /* Info.plist in Resources */ = {isa = PBXBuildFile; fileRef = 3B81F93622BDBD8400B32A70 /* Info.plist */; };
		3B81F95522BDBD8600B32A70 /* KeyboardLayoutConstraint.swift in Sources */ = {isa = PBXBuildFile; fileRef = 3B81F93722BDBD8400B32A70 /* KeyboardLayoutConstraint.swift */; };
		3B81F95622BDBD8600B32A70 /* SoundPlayer.swift in Sources */ = {isa = PBXBuildFile; fileRef = 3B81F93822BDBD8400B32A70 /* SoundPlayer.swift */; };
		3B81F95722BDBD8600B32A70 /* LoadingView.xib in Resources */ = {isa = PBXBuildFile; fileRef = 3B81F93A22BDBD8500B32A70 /* LoadingView.xib */; };
		3B81F95822BDBD8600B32A70 /* Spring.swift in Sources */ = {isa = PBXBuildFile; fileRef = 3B81F93B22BDBD8500B32A70 /* Spring.swift */; };
		3B81F95922BDBD8600B32A70 /* DesignableTabBarController.swift in Sources */ = {isa = PBXBuildFile; fileRef = 3B81F93C22BDBD8500B32A70 /* DesignableTabBarController.swift */; };
		3B81F95A22BDBD8600B32A70 /* LoadingView.swift in Sources */ = {isa = PBXBuildFile; fileRef = 3B81F93D22BDBD8500B32A70 /* LoadingView.swift */; };
		3B81F95B22BDBD8600B32A70 /* DesignableTextField.swift in Sources */ = {isa = PBXBuildFile; fileRef = 3B81F93E22BDBD8500B32A70 /* DesignableTextField.swift */; };
		3B81F95C22BDBD8600B32A70 /* AutoTextView.swift in Sources */ = {isa = PBXBuildFile; fileRef = 3B81F93F22BDBD8500B32A70 /* AutoTextView.swift */; };
		3B81F95D22BDBD8600B32A70 /* Misc.swift in Sources */ = {isa = PBXBuildFile; fileRef = 3B81F94022BDBD8500B32A70 /* Misc.swift */; };
		9409E11C1ABF6FEA00312E2B /* AppDelegate.swift in Sources */ = {isa = PBXBuildFile; fileRef = 9409E11B1ABF6FEA00312E2B /* AppDelegate.swift */; };
		9409E1241ABF6FEA00312E2B /* Main.storyboard in Resources */ = {isa = PBXBuildFile; fileRef = 9409E1221ABF6FEA00312E2B /* Main.storyboard */; };
		9409E1261ABF6FEA00312E2B /* Images.xcassets in Resources */ = {isa = PBXBuildFile; fileRef = 9409E1251ABF6FEA00312E2B /* Images.xcassets */; };
		9409E1401ABF78B000312E2B /* NowPlayingViewController.swift in Sources */ = {isa = PBXBuildFile; fileRef = 9409E13F1ABF78B000312E2B /* NowPlayingViewController.swift */; };
		942A3F371AE43DF80011396E /* StationsViewController.swift in Sources */ = {isa = PBXBuildFile; fileRef = 942A3F361AE43DF80011396E /* StationsViewController.swift */; };
		94452E4F1AD6F24700BFE7A5 /* PopUpMenuViewController.swift in Sources */ = {isa = PBXBuildFile; fileRef = 94452E4E1AD6F24700BFE7A5 /* PopUpMenuViewController.swift */; };
		94452E551AD7086800BFE7A5 /* AboutViewController.swift in Sources */ = {isa = PBXBuildFile; fileRef = 94452E541AD7086800BFE7A5 /* AboutViewController.swift */; };
		945DB3C21AD58E3A00495EBB /* stations.json in Resources */ = {isa = PBXBuildFile; fileRef = 945DB3C11AD58E3A00495EBB /* stations.json */; };
		945DB3C51AD5A6E200495EBB /* NothingFoundCell.xib in Resources */ = {isa = PBXBuildFile; fileRef = 945DB3C41AD5A6E200495EBB /* NothingFoundCell.xib */; };
		94817DFB1B547D5700D3FA23 /* Player.swift in Sources */ = {isa = PBXBuildFile; fileRef = 94817DFA1B547D5700D3FA23 /* Player.swift */; };
		949BBB401ACC9DEE005B7C26 /* DataManager.swift in Sources */ = {isa = PBXBuildFile; fileRef = 949BBB3F1ACC9DEE005B7C26 /* DataManager.swift */; };
		949E5EB01ACB340200AB6280 /* UIImageView+Download.swift in Sources */ = {isa = PBXBuildFile; fileRef = 949E5EAF1ACB340200AB6280 /* UIImageView+Download.swift */; };
		94AC70AE1AD05C6200652982 /* RadioStation.swift in Sources */ = {isa = PBXBuildFile; fileRef = 94AC70AD1AD05C6200652982 /* RadioStation.swift */; };
		94D1D0A51AD6D6230022CA11 /* InfoDetailViewController.swift in Sources */ = {isa = PBXBuildFile; fileRef = 94D1D0A41AD6D6230022CA11 /* InfoDetailViewController.swift */; };
		94D260911B45D20000DE671C /* SwiftRadio-Settings.swift in Sources */ = {isa = PBXBuildFile; fileRef = 94D260901B45D20000DE671C /* SwiftRadio-Settings.swift */; };
		94D260961B45E3FA00DE671C /* AnimationFrames.swift in Sources */ = {isa = PBXBuildFile; fileRef = 94D260951B45E3FA00DE671C /* AnimationFrames.swift */; };
		94D260981B45E8B800DE671C /* Track.swift in Sources */ = {isa = PBXBuildFile; fileRef = 94D260971B45E8B800DE671C /* Track.swift */; };
		94D30EA71AD07A880024FE96 /* StationTableViewCell.swift in Sources */ = {isa = PBXBuildFile; fileRef = 94D30EA61AD07A880024FE96 /* StationTableViewCell.swift */; };
		94E9761C1B1A8F3200F52B1E /* UIImage+DropShadow.swift in Sources */ = {isa = PBXBuildFile; fileRef = 94E9761B1B1A8F3200F52B1E /* UIImage+DropShadow.swift */; };
/* End PBXBuildFile section */

/* Begin PBXContainerItemProxy section */
		2C5545BF1C1124DE00728469 /* PBXContainerItemProxy */ = {
			isa = PBXContainerItemProxy;
			containerPortal = 9409E10E1ABF6FE900312E2B /* Project object */;
			proxyType = 1;
			remoteGlobalIDString = 9409E1151ABF6FEA00312E2B;
			remoteInfo = SwiftRadio;
		};
/* End PBXContainerItemProxy section */

/* Begin PBXFileReference section */
		2C5545BA1C1124DE00728469 /* NepaliRadioUITests.xctest */ = {isa = PBXFileReference; explicitFileType = wrapper.cfbundle; includeInIndex = 0; path = NepaliRadioUITests.xctest; sourceTree = BUILT_PRODUCTS_DIR; };
		2C5545BC1C1124DE00728469 /* SwiftRadioUITests.swift */ = {isa = PBXFileReference; lastKnownFileType = sourcecode.swift; path = SwiftRadioUITests.swift; sourceTree = "<group>"; };
		2C5545BE1C1124DE00728469 /* Info.plist */ = {isa = PBXFileReference; lastKnownFileType = text.plist.xml; path = Info.plist; sourceTree = "<group>"; };
		3B81F92122BDBD5500B32A70 /* SwiftyJSON.swift */ = {isa = PBXFileReference; fileEncoding = 4; lastKnownFileType = sourcecode.swift; name = SwiftyJSON.swift; path = Libraries/SwiftyJSON.swift; sourceTree = "<group>"; };
		3B81F92322BDBD8200B32A70 /* DesignableView.swift */ = {isa = PBXFileReference; fileEncoding = 4; lastKnownFileType = sourcecode.swift; name = DesignableView.swift; path = NepaliRadio/Libraries/Spring/DesignableView.swift; sourceTree = SOURCE_ROOT; };
		3B81F92422BDBD8200B32A70 /* SpringView.swift */ = {isa = PBXFileReference; fileEncoding = 4; lastKnownFileType = sourcecode.swift; name = SpringView.swift; path = NepaliRadio/Libraries/Spring/SpringView.swift; sourceTree = SOURCE_ROOT; };
		3B81F92522BDBD8200B32A70 /* DesignableImageView.swift */ = {isa = PBXFileReference; fileEncoding = 4; lastKnownFileType = sourcecode.swift; name = DesignableImageView.swift; path = NepaliRadio/Libraries/Spring/DesignableImageView.swift; sourceTree = SOURCE_ROOT; };
		3B81F92622BDBD8200B32A70 /* SpringImageView.swift */ = {isa = PBXFileReference; fileEncoding = 4; lastKnownFileType = sourcecode.swift; name = SpringImageView.swift; path = NepaliRadio/Libraries/Spring/SpringImageView.swift; sourceTree = SOURCE_ROOT; };
		3B81F92722BDBD8200B32A70 /* SpringLabel.swift */ = {isa = PBXFileReference; fileEncoding = 4; lastKnownFileType = sourcecode.swift; name = SpringLabel.swift; path = NepaliRadio/Libraries/Spring/SpringLabel.swift; sourceTree = SOURCE_ROOT; };
		3B81F92822BDBD8200B32A70 /* DesignableLabel.swift */ = {isa = PBXFileReference; fileEncoding = 4; lastKnownFileType = sourcecode.swift; name = DesignableLabel.swift; path = NepaliRadio/Libraries/Spring/DesignableLabel.swift; sourceTree = SOURCE_ROOT; };
		3B81F92922BDBD8200B32A70 /* BlurView.swift */ = {isa = PBXFileReference; fileEncoding = 4; lastKnownFileType = sourcecode.swift; name = BlurView.swift; path = NepaliRadio/Libraries/Spring/BlurView.swift; sourceTree = SOURCE_ROOT; };
		3B81F92A22BDBD8200B32A70 /* TransitionManager.swift */ = {isa = PBXFileReference; fileEncoding = 4; lastKnownFileType = sourcecode.swift; name = TransitionManager.swift; path = NepaliRadio/Libraries/Spring/TransitionManager.swift; sourceTree = SOURCE_ROOT; };
		3B81F92B22BDBD8300B32A70 /* DesignableTextView.swift */ = {isa = PBXFileReference; fileEncoding = 4; lastKnownFileType = sourcecode.swift; name = DesignableTextView.swift; path = NepaliRadio/Libraries/Spring/DesignableTextView.swift; sourceTree = SOURCE_ROOT; };
		3B81F92C22BDBD8300B32A70 /* TransitionZoom.swift */ = {isa = PBXFileReference; fileEncoding = 4; lastKnownFileType = sourcecode.swift; name = TransitionZoom.swift; path = NepaliRadio/Libraries/Spring/TransitionZoom.swift; sourceTree = SOURCE_ROOT; };
		3B81F92D22BDBD8300B32A70 /* DesignableButton.swift */ = {isa = PBXFileReference; fileEncoding = 4; lastKnownFileType = sourcecode.swift; name = DesignableButton.swift; path = NepaliRadio/Libraries/Spring/DesignableButton.swift; sourceTree = SOURCE_ROOT; };
		3B81F92E22BDBD8300B32A70 /* SpringTextField.swift */ = {isa = PBXFileReference; fileEncoding = 4; lastKnownFileType = sourcecode.swift; name = SpringTextField.swift; path = NepaliRadio/Libraries/Spring/SpringTextField.swift; sourceTree = SOURCE_ROOT; };
		3B81F92F22BDBD8300B32A70 /* AsyncButton.swift */ = {isa = PBXFileReference; fileEncoding = 4; lastKnownFileType = sourcecode.swift; name = AsyncButton.swift; path = NepaliRadio/Libraries/Spring/AsyncButton.swift; sourceTree = SOURCE_ROOT; };
		3B81F93022BDBD8300B32A70 /* SpringButton.swift */ = {isa = PBXFileReference; fileEncoding = 4; lastKnownFileType = sourcecode.swift; name = SpringButton.swift; path = NepaliRadio/Libraries/Spring/SpringButton.swift; sourceTree = SOURCE_ROOT; };
		3B81F93122BDBD8300B32A70 /* ImageLoader.swift */ = {isa = PBXFileReference; fileEncoding = 4; lastKnownFileType = sourcecode.swift; name = ImageLoader.swift; path = NepaliRadio/Libraries/Spring/ImageLoader.swift; sourceTree = SOURCE_ROOT; };
		3B81F93222BDBD8300B32A70 /* SpringAnimation.swift */ = {isa = PBXFileReference; fileEncoding = 4; lastKnownFileType = sourcecode.swift; name = SpringAnimation.swift; path = NepaliRadio/Libraries/Spring/SpringAnimation.swift; sourceTree = SOURCE_ROOT; };
		3B81F93322BDBD8300B32A70 /* UnwindSegue.swift */ = {isa = PBXFileReference; fileEncoding = 4; lastKnownFileType = sourcecode.swift; name = UnwindSegue.swift; path = NepaliRadio/Libraries/Spring/UnwindSegue.swift; sourceTree = SOURCE_ROOT; };
		3B81F93422BDBD8400B32A70 /* AsyncImageView.swift */ = {isa = PBXFileReference; fileEncoding = 4; lastKnownFileType = sourcecode.swift; name = AsyncImageView.swift; path = NepaliRadio/Libraries/Spring/AsyncImageView.swift; sourceTree = SOURCE_ROOT; };
		3B81F93522BDBD8400B32A70 /* SpringTextView.swift */ = {isa = PBXFileReference; fileEncoding = 4; lastKnownFileType = sourcecode.swift; name = SpringTextView.swift; path = NepaliRadio/Libraries/Spring/SpringTextView.swift; sourceTree = SOURCE_ROOT; };
		3B81F93622BDBD8400B32A70 /* Info.plist */ = {isa = PBXFileReference; fileEncoding = 4; lastKnownFileType = text.plist.xml; name = Info.plist; path = NepaliRadio/Libraries/Spring/Info.plist; sourceTree = SOURCE_ROOT; };
		3B81F93722BDBD8400B32A70 /* KeyboardLayoutConstraint.swift */ = {isa = PBXFileReference; fileEncoding = 4; lastKnownFileType = sourcecode.swift; name = KeyboardLayoutConstraint.swift; path = NepaliRadio/Libraries/Spring/KeyboardLayoutConstraint.swift; sourceTree = SOURCE_ROOT; };
		3B81F93822BDBD8400B32A70 /* SoundPlayer.swift */ = {isa = PBXFileReference; fileEncoding = 4; lastKnownFileType = sourcecode.swift; name = SoundPlayer.swift; path = NepaliRadio/Libraries/Spring/SoundPlayer.swift; sourceTree = SOURCE_ROOT; };
		3B81F93922BDBD8400B32A70 /* Spring.h */ = {isa = PBXFileReference; fileEncoding = 4; lastKnownFileType = sourcecode.c.h; name = Spring.h; path = NepaliRadio/Libraries/Spring/Spring.h; sourceTree = SOURCE_ROOT; };
		3B81F93A22BDBD8500B32A70 /* LoadingView.xib */ = {isa = PBXFileReference; fileEncoding = 4; lastKnownFileType = file.xib; name = LoadingView.xib; path = NepaliRadio/Libraries/Spring/LoadingView.xib; sourceTree = SOURCE_ROOT; };
		3B81F93B22BDBD8500B32A70 /* Spring.swift */ = {isa = PBXFileReference; fileEncoding = 4; lastKnownFileType = sourcecode.swift; name = Spring.swift; path = NepaliRadio/Libraries/Spring/Spring.swift; sourceTree = SOURCE_ROOT; };
		3B81F93C22BDBD8500B32A70 /* DesignableTabBarController.swift */ = {isa = PBXFileReference; fileEncoding = 4; lastKnownFileType = sourcecode.swift; name = DesignableTabBarController.swift; path = NepaliRadio/Libraries/Spring/DesignableTabBarController.swift; sourceTree = SOURCE_ROOT; };
		3B81F93D22BDBD8500B32A70 /* LoadingView.swift */ = {isa = PBXFileReference; fileEncoding = 4; lastKnownFileType = sourcecode.swift; name = LoadingView.swift; path = NepaliRadio/Libraries/Spring/LoadingView.swift; sourceTree = SOURCE_ROOT; };
		3B81F93E22BDBD8500B32A70 /* DesignableTextField.swift */ = {isa = PBXFileReference; fileEncoding = 4; lastKnownFileType = sourcecode.swift; name = DesignableTextField.swift; path = NepaliRadio/Libraries/Spring/DesignableTextField.swift; sourceTree = SOURCE_ROOT; };
		3B81F93F22BDBD8500B32A70 /* AutoTextView.swift */ = {isa = PBXFileReference; fileEncoding = 4; lastKnownFileType = sourcecode.swift; name = AutoTextView.swift; path = NepaliRadio/Libraries/Spring/AutoTextView.swift; sourceTree = SOURCE_ROOT; };
		3B81F94022BDBD8500B32A70 /* Misc.swift */ = {isa = PBXFileReference; fileEncoding = 4; lastKnownFileType = sourcecode.swift; name = Misc.swift; path = NepaliRadio/Libraries/Spring/Misc.swift; sourceTree = SOURCE_ROOT; };
		9409E1161ABF6FEA00312E2B /* NepaliRadio.app */ = {isa = PBXFileReference; explicitFileType = wrapper.application; includeInIndex = 0; path = NepaliRadio.app; sourceTree = BUILT_PRODUCTS_DIR; };
		9409E11A1ABF6FEA00312E2B /* Info.plist */ = {isa = PBXFileReference; lastKnownFileType = text.plist.xml; path = Info.plist; sourceTree = "<group>"; };
		9409E11B1ABF6FEA00312E2B /* AppDelegate.swift */ = {isa = PBXFileReference; lastKnownFileType = sourcecode.swift; path = AppDelegate.swift; sourceTree = "<group>"; };
		9409E1231ABF6FEA00312E2B /* Base */ = {isa = PBXFileReference; lastKnownFileType = file.storyboard; name = Base; path = Base.lproj/Main.storyboard; sourceTree = "<group>"; };
		9409E1251ABF6FEA00312E2B /* Images.xcassets */ = {isa = PBXFileReference; lastKnownFileType = folder.assetcatalog; path = Images.xcassets; sourceTree = "<group>"; };
		9409E13F1ABF78B000312E2B /* NowPlayingViewController.swift */ = {isa = PBXFileReference; fileEncoding = 4; lastKnownFileType = sourcecode.swift; path = NowPlayingViewController.swift; sourceTree = "<group>"; };
		942A3F361AE43DF80011396E /* StationsViewController.swift */ = {isa = PBXFileReference; fileEncoding = 4; lastKnownFileType = sourcecode.swift; path = StationsViewController.swift; sourceTree = "<group>"; };
		94452E4E1AD6F24700BFE7A5 /* PopUpMenuViewController.swift */ = {isa = PBXFileReference; fileEncoding = 4; lastKnownFileType = sourcecode.swift; path = PopUpMenuViewController.swift; sourceTree = "<group>"; };
		94452E541AD7086800BFE7A5 /* AboutViewController.swift */ = {isa = PBXFileReference; fileEncoding = 4; lastKnownFileType = sourcecode.swift; path = AboutViewController.swift; sourceTree = "<group>"; };
		945DB3C11AD58E3A00495EBB /* stations.json */ = {isa = PBXFileReference; fileEncoding = 4; lastKnownFileType = text.json; path = stations.json; sourceTree = "<group>"; };
		945DB3C41AD5A6E200495EBB /* NothingFoundCell.xib */ = {isa = PBXFileReference; fileEncoding = 4; lastKnownFileType = file.xib; path = NothingFoundCell.xib; sourceTree = "<group>"; };
		94817DFA1B547D5700D3FA23 /* Player.swift */ = {isa = PBXFileReference; fileEncoding = 4; lastKnownFileType = sourcecode.swift; path = Player.swift; sourceTree = "<group>"; };
		949BBB3F1ACC9DEE005B7C26 /* DataManager.swift */ = {isa = PBXFileReference; fileEncoding = 4; lastKnownFileType = sourcecode.swift; path = DataManager.swift; sourceTree = "<group>"; };
		949E5EAF1ACB340200AB6280 /* UIImageView+Download.swift */ = {isa = PBXFileReference; fileEncoding = 4; lastKnownFileType = sourcecode.swift; path = "UIImageView+Download.swift"; sourceTree = "<group>"; };
		94AC70AD1AD05C6200652982 /* RadioStation.swift */ = {isa = PBXFileReference; fileEncoding = 4; lastKnownFileType = sourcecode.swift; path = RadioStation.swift; sourceTree = "<group>"; };
		94D1D0A41AD6D6230022CA11 /* InfoDetailViewController.swift */ = {isa = PBXFileReference; fileEncoding = 4; lastKnownFileType = sourcecode.swift; path = InfoDetailViewController.swift; sourceTree = "<group>"; };
		94D260901B45D20000DE671C /* SwiftRadio-Settings.swift */ = {isa = PBXFileReference; fileEncoding = 4; lastKnownFileType = sourcecode.swift; path = "SwiftRadio-Settings.swift"; sourceTree = "<group>"; };
		94D260951B45E3FA00DE671C /* AnimationFrames.swift */ = {isa = PBXFileReference; fileEncoding = 4; lastKnownFileType = sourcecode.swift; path = AnimationFrames.swift; sourceTree = "<group>"; };
		94D260971B45E8B800DE671C /* Track.swift */ = {isa = PBXFileReference; fileEncoding = 4; lastKnownFileType = sourcecode.swift; path = Track.swift; sourceTree = "<group>"; };
		94D30EA61AD07A880024FE96 /* StationTableViewCell.swift */ = {isa = PBXFileReference; fileEncoding = 4; lastKnownFileType = sourcecode.swift; path = StationTableViewCell.swift; sourceTree = "<group>"; };
		94E9761B1B1A8F3200F52B1E /* UIImage+DropShadow.swift */ = {isa = PBXFileReference; fileEncoding = 4; lastKnownFileType = sourcecode.swift; path = "UIImage+DropShadow.swift"; sourceTree = "<group>"; };
		B90086461BBE40AF00E5372C /* MediaPlayer.framework */ = {isa = PBXFileReference; lastKnownFileType = wrapper.framework; name = MediaPlayer.framework; path = System/Library/Frameworks/MediaPlayer.framework; sourceTree = SDKROOT; };
/* End PBXFileReference section */

/* Begin PBXFrameworksBuildPhase section */
		2C5545B71C1124DE00728469 /* Frameworks */ = {
			isa = PBXFrameworksBuildPhase;
			buildActionMask = 2147483647;
			files = (
			);
			runOnlyForDeploymentPostprocessing = 0;
		};
		9409E1131ABF6FEA00312E2B /* Frameworks */ = {
			isa = PBXFrameworksBuildPhase;
			buildActionMask = 2147483647;
			files = (
			);
			runOnlyForDeploymentPostprocessing = 0;
		};
/* End PBXFrameworksBuildPhase section */

/* Begin PBXGroup section */
		2C5545BB1C1124DE00728469 /* SwiftRadioUITests */ = {
			isa = PBXGroup;
			children = (
				2C5545BC1C1124DE00728469 /* SwiftRadioUITests.swift */,
				2C5545BE1C1124DE00728469 /* Info.plist */,
			);
			name = SwiftRadioUITests;
			path = NepaliRadioUITests;
			sourceTree = "<group>";
		};
		9409E10D1ABF6FE900312E2B = {
			isa = PBXGroup;
			children = (
				B90086461BBE40AF00E5372C /* MediaPlayer.framework */,
				9409E1181ABF6FEA00312E2B /* NepaliRadio */,
				949BBB411ACCA2B6005B7C26 /* Libraries */,
				2C5545BB1C1124DE00728469 /* SwiftRadioUITests */,
				9409E1171ABF6FEA00312E2B /* Products */,
			);
			sourceTree = "<group>";
		};
		9409E1171ABF6FEA00312E2B /* Products */ = {
			isa = PBXGroup;
			children = (
				9409E1161ABF6FEA00312E2B /* NepaliRadio.app */,
				2C5545BA1C1124DE00728469 /* NepaliRadioUITests.xctest */,
			);
			name = Products;
			sourceTree = "<group>";
		};
		9409E1181ABF6FEA00312E2B /* NepaliRadio */ = {
			isa = PBXGroup;
			children = (
				94D2608E1B45D0F800DE671C /* ViewControllers */,
				94D2608F1B45D11800DE671C /* Cells */,
				94823F861B5576F4004EC711 /* Data */,
				94E976191B1A8BFB00F52B1E /* Model */,
				94AC70AF1AD05C7400652982 /* Networking */,
				9409E11B1ABF6FEA00312E2B /* AppDelegate.swift */,
				9409E1221ABF6FEA00312E2B /* Main.storyboard */,
				9409E1251ABF6FEA00312E2B /* Images.xcassets */,
				9409E1191ABF6FEA00312E2B /* Supporting Files */,
				94D260941B45E0BA00DE671C /* UI Helpers */,
			);
			path = NepaliRadio;
			sourceTree = "<group>";
		};
		9409E1191ABF6FEA00312E2B /* Supporting Files */ = {
			isa = PBXGroup;
			children = (
				9409E11A1ABF6FEA00312E2B /* Info.plist */,
				94D260901B45D20000DE671C /* SwiftRadio-Settings.swift */,
			);
			name = "Supporting Files";
			sourceTree = "<group>";
		};
		94823F861B5576F4004EC711 /* Data */ = {
			isa = PBXGroup;
			children = (
				945DB3C11AD58E3A00495EBB /* stations.json */,
			);
			name = Data;
			sourceTree = "<group>";
		};
		949BBB411ACCA2B6005B7C26 /* Libraries */ = {
			isa = PBXGroup;
			children = (
				3B81F92122BDBD5500B32A70 /* SwiftyJSON.swift */,
				94DB0A711B98B762005ED993 /* Spring */,
			);
			name = Libraries;
			path = NepaliRadio;
			sourceTree = "<group>";
		};
		94AC70AF1AD05C7400652982 /* Networking */ = {
			isa = PBXGroup;
			children = (
				949BBB3F1ACC9DEE005B7C26 /* DataManager.swift */,
			);
			name = Networking;
			sourceTree = "<group>";
		};
		94D2608E1B45D0F800DE671C /* ViewControllers */ = {
			isa = PBXGroup;
			children = (
				94452E541AD7086800BFE7A5 /* AboutViewController.swift */,
				94D1D0A41AD6D6230022CA11 /* InfoDetailViewController.swift */,
				9409E13F1ABF78B000312E2B /* NowPlayingViewController.swift */,
				94452E4E1AD6F24700BFE7A5 /* PopUpMenuViewController.swift */,
				942A3F361AE43DF80011396E /* StationsViewController.swift */,
			);
			name = ViewControllers;
			sourceTree = "<group>";
		};
		94D2608F1B45D11800DE671C /* Cells */ = {
			isa = PBXGroup;
			children = (
				945DB3C41AD5A6E200495EBB /* NothingFoundCell.xib */,
				94D30EA61AD07A880024FE96 /* StationTableViewCell.swift */,
			);
			name = Cells;
			sourceTree = "<group>";
		};
		94D260941B45E0BA00DE671C /* UI Helpers */ = {
			isa = PBXGroup;
			children = (
				94D260951B45E3FA00DE671C /* AnimationFrames.swift */,
				949E5EAF1ACB340200AB6280 /* UIImageView+Download.swift */,
				94E9761B1B1A8F3200F52B1E /* UIImage+DropShadow.swift */,
			);
			name = "UI Helpers";
			sourceTree = "<group>";
		};
		94DB0A711B98B762005ED993 /* Spring */ = {
			isa = PBXGroup;
			children = (
				3B81F92F22BDBD8300B32A70 /* AsyncButton.swift */,
				3B81F93422BDBD8400B32A70 /* AsyncImageView.swift */,
				3B81F93F22BDBD8500B32A70 /* AutoTextView.swift */,
				3B81F92922BDBD8200B32A70 /* BlurView.swift */,
				3B81F92D22BDBD8300B32A70 /* DesignableButton.swift */,
				3B81F92522BDBD8200B32A70 /* DesignableImageView.swift */,
				3B81F92822BDBD8200B32A70 /* DesignableLabel.swift */,
				3B81F93C22BDBD8500B32A70 /* DesignableTabBarController.swift */,
				3B81F93E22BDBD8500B32A70 /* DesignableTextField.swift */,
				3B81F92B22BDBD8300B32A70 /* DesignableTextView.swift */,
				3B81F92322BDBD8200B32A70 /* DesignableView.swift */,
				3B81F93122BDBD8300B32A70 /* ImageLoader.swift */,
				3B81F93622BDBD8400B32A70 /* Info.plist */,
				3B81F93722BDBD8400B32A70 /* KeyboardLayoutConstraint.swift */,
				3B81F93D22BDBD8500B32A70 /* LoadingView.swift */,
				3B81F93A22BDBD8500B32A70 /* LoadingView.xib */,
				3B81F94022BDBD8500B32A70 /* Misc.swift */,
				3B81F93822BDBD8400B32A70 /* SoundPlayer.swift */,
				3B81F93922BDBD8400B32A70 /* Spring.h */,
				3B81F93B22BDBD8500B32A70 /* Spring.swift */,
				3B81F93222BDBD8300B32A70 /* SpringAnimation.swift */,
				3B81F93022BDBD8300B32A70 /* SpringButton.swift */,
				3B81F92622BDBD8200B32A70 /* SpringImageView.swift */,
				3B81F92722BDBD8200B32A70 /* SpringLabel.swift */,
				3B81F92E22BDBD8300B32A70 /* SpringTextField.swift */,
				3B81F93522BDBD8400B32A70 /* SpringTextView.swift */,
				3B81F92422BDBD8200B32A70 /* SpringView.swift */,
				3B81F92A22BDBD8200B32A70 /* TransitionManager.swift */,
				3B81F92C22BDBD8300B32A70 /* TransitionZoom.swift */,
				3B81F93322BDBD8300B32A70 /* UnwindSegue.swift */,
			);
			name = Spring;
			path = SwiftRadio/Libraries/Spring;
			sourceTree = SOURCE_ROOT;
		};
		94E976191B1A8BFB00F52B1E /* Model */ = {
			isa = PBXGroup;
			children = (
				94AC70AD1AD05C6200652982 /* RadioStation.swift */,
				94817DFA1B547D5700D3FA23 /* Player.swift */,
				94D260971B45E8B800DE671C /* Track.swift */,
			);
			name = Model;
			sourceTree = "<group>";
		};
/* End PBXGroup section */

/* Begin PBXNativeTarget section */
		2C5545B91C1124DE00728469 /* NepaliRadioUITests */ = {
			isa = PBXNativeTarget;
			buildConfigurationList = 2C5545C31C1124DE00728469 /* Build configuration list for PBXNativeTarget "NepaliRadioUITests" */;
			buildPhases = (
				2C5545B61C1124DE00728469 /* Sources */,
				2C5545B71C1124DE00728469 /* Frameworks */,
				2C5545B81C1124DE00728469 /* Resources */,
			);
			buildRules = (
			);
			dependencies = (
				2C5545C01C1124DE00728469 /* PBXTargetDependency */,
			);
			name = NepaliRadioUITests;
			productName = SwiftRadioUITests;
			productReference = 2C5545BA1C1124DE00728469 /* NepaliRadioUITests.xctest */;
			productType = "com.apple.product-type.bundle.ui-testing";
		};
		9409E1151ABF6FEA00312E2B /* NepaliRadio */ = {
			isa = PBXNativeTarget;
			buildConfigurationList = 9409E1381ABF6FEA00312E2B /* Build configuration list for PBXNativeTarget "NepaliRadio" */;
			buildPhases = (
				9409E1121ABF6FEA00312E2B /* Sources */,
				9409E1131ABF6FEA00312E2B /* Frameworks */,
				9409E1141ABF6FEA00312E2B /* Resources */,
			);
			buildRules = (
			);
			dependencies = (
			);
			name = NepaliRadio;
			productName = RadioPro;
			productReference = 9409E1161ABF6FEA00312E2B /* NepaliRadio.app */;
			productType = "com.apple.product-type.application";
		};
/* End PBXNativeTarget section */

/* Begin PBXProject section */
		9409E10E1ABF6FE900312E2B /* Project object */ = {
			isa = PBXProject;
			attributes = {
				LastSwiftMigration = 0700;
				LastSwiftUpdateCheck = 0710;
				LastUpgradeCheck = 0910;
				ORGANIZATIONNAME = matthewfecher.com;
				TargetAttributes = {
					2C5545B91C1124DE00728469 = {
						CreatedOnToolsVersion = 7.1;
						LastSwiftMigration = 0810;
						ProvisioningStyle = Manual;
						TestTargetID = 9409E1151ABF6FEA00312E2B;
					};
					9409E1151ABF6FEA00312E2B = {
						CreatedOnToolsVersion = 6.2;
						DevelopmentTeam = ZL35NNQVHR;
						LastSwiftMigration = 0810;
						SystemCapabilities = {
							com.apple.BackgroundModes = {
								enabled = 1;
							};
						};
					};
				};
			};
			buildConfigurationList = 9409E1111ABF6FE900312E2B /* Build configuration list for PBXProject "NepaliRadio" */;
			compatibilityVersion = "Xcode 3.2";
			developmentRegion = English;
			hasScannedForEncodings = 0;
			knownRegions = (
				en,
				Base,
			);
			mainGroup = 9409E10D1ABF6FE900312E2B;
			productRefGroup = 9409E1171ABF6FEA00312E2B /* Products */;
			projectDirPath = "";
			projectRoot = "";
			targets = (
				9409E1151ABF6FEA00312E2B /* NepaliRadio */,
				2C5545B91C1124DE00728469 /* NepaliRadioUITests */,
			);
		};
/* End PBXProject section */

/* Begin PBXResourcesBuildPhase section */
		2C5545B81C1124DE00728469 /* Resources */ = {
			isa = PBXResourcesBuildPhase;
			buildActionMask = 2147483647;
			files = (
			);
			runOnlyForDeploymentPostprocessing = 0;
		};
		9409E1141ABF6FEA00312E2B /* Resources */ = {
			isa = PBXResourcesBuildPhase;
			buildActionMask = 2147483647;
			files = (
				945DB3C21AD58E3A00495EBB /* stations.json in Resources */,
				3B81F95722BDBD8600B32A70 /* LoadingView.xib in Resources */,
				9409E1241ABF6FEA00312E2B /* Main.storyboard in Resources */,
				945DB3C51AD5A6E200495EBB /* NothingFoundCell.xib in Resources */,
				9409E1261ABF6FEA00312E2B /* Images.xcassets in Resources */,
				3B81F95422BDBD8600B32A70 /* Info.plist in Resources */,
			);
			runOnlyForDeploymentPostprocessing = 0;
		};
/* End PBXResourcesBuildPhase section */

/* Begin PBXSourcesBuildPhase section */
		2C5545B61C1124DE00728469 /* Sources */ = {
			isa = PBXSourcesBuildPhase;
			buildActionMask = 2147483647;
			files = (
				2C5545BD1C1124DE00728469 /* SwiftRadioUITests.swift in Sources */,
			);
			runOnlyForDeploymentPostprocessing = 0;
		};
		9409E1121ABF6FEA00312E2B /* Sources */ = {
			isa = PBXSourcesBuildPhase;
			buildActionMask = 2147483647;
			files = (
				3B81F95222BDBD8600B32A70 /* AsyncImageView.swift in Sources */,
				3B81F94422BDBD8600B32A70 /* SpringImageView.swift in Sources */,
				3B81F94E22BDBD8600B32A70 /* SpringButton.swift in Sources */,
				3B81F95922BDBD8600B32A70 /* DesignableTabBarController.swift in Sources */,
				3B81F92222BDBD5500B32A70 /* SwiftyJSON.swift in Sources */,
				3B81F95122BDBD8600B32A70 /* UnwindSegue.swift in Sources */,
				949E5EB01ACB340200AB6280 /* UIImageView+Download.swift in Sources */,
				94D260911B45D20000DE671C /* SwiftRadio-Settings.swift in Sources */,
				3B81F94622BDBD8600B32A70 /* DesignableLabel.swift in Sources */,
				94D30EA71AD07A880024FE96 /* StationTableViewCell.swift in Sources */,
				3B81F94522BDBD8600B32A70 /* SpringLabel.swift in Sources */,
				9409E1401ABF78B000312E2B /* NowPlayingViewController.swift in Sources */,
				94D1D0A51AD6D6230022CA11 /* InfoDetailViewController.swift in Sources */,
				949BBB401ACC9DEE005B7C26 /* DataManager.swift in Sources */,
				3B81F94D22BDBD8600B32A70 /* AsyncButton.swift in Sources */,
				94E9761C1B1A8F3200F52B1E /* UIImage+DropShadow.swift in Sources */,
				3B81F94322BDBD8600B32A70 /* DesignableImageView.swift in Sources */,
				3B81F94822BDBD8600B32A70 /* TransitionManager.swift in Sources */,
				3B81F94222BDBD8600B32A70 /* SpringView.swift in Sources */,
				94452E551AD7086800BFE7A5 /* AboutViewController.swift in Sources */,
				3B81F95822BDBD8600B32A70 /* Spring.swift in Sources */,
				3B81F95522BDBD8600B32A70 /* KeyboardLayoutConstraint.swift in Sources */,
				3B81F95622BDBD8600B32A70 /* SoundPlayer.swift in Sources */,
				94D260981B45E8B800DE671C /* Track.swift in Sources */,
				3B81F94F22BDBD8600B32A70 /* ImageLoader.swift in Sources */,
				3B81F95B22BDBD8600B32A70 /* DesignableTextField.swift in Sources */,
				94452E4F1AD6F24700BFE7A5 /* PopUpMenuViewController.swift in Sources */,
				3B81F94B22BDBD8600B32A70 /* DesignableButton.swift in Sources */,
				9409E11C1ABF6FEA00312E2B /* AppDelegate.swift in Sources */,
				94D260961B45E3FA00DE671C /* AnimationFrames.swift in Sources */,
				3B81F94722BDBD8600B32A70 /* BlurView.swift in Sources */,
				3B81F94A22BDBD8600B32A70 /* TransitionZoom.swift in Sources */,
				942A3F371AE43DF80011396E /* StationsViewController.swift in Sources */,
				3B81F95D22BDBD8600B32A70 /* Misc.swift in Sources */,
				3B81F95022BDBD8600B32A70 /* SpringAnimation.swift in Sources */,
				3B81F95A22BDBD8600B32A70 /* LoadingView.swift in Sources */,
				3B81F94122BDBD8600B32A70 /* DesignableView.swift in Sources */,
				3B81F95C22BDBD8600B32A70 /* AutoTextView.swift in Sources */,
				94AC70AE1AD05C6200652982 /* RadioStation.swift in Sources */,
				3B81F94922BDBD8600B32A70 /* DesignableTextView.swift in Sources */,
				3B81F95322BDBD8600B32A70 /* SpringTextView.swift in Sources */,
				3B81F94C22BDBD8600B32A70 /* SpringTextField.swift in Sources */,
				94817DFB1B547D5700D3FA23 /* Player.swift in Sources */,
			);
			runOnlyForDeploymentPostprocessing = 0;
		};
/* End PBXSourcesBuildPhase section */

/* Begin PBXTargetDependency section */
		2C5545C01C1124DE00728469 /* PBXTargetDependency */ = {
			isa = PBXTargetDependency;
			target = 9409E1151ABF6FEA00312E2B /* NepaliRadio */;
			targetProxy = 2C5545BF1C1124DE00728469 /* PBXContainerItemProxy */;
		};
/* End PBXTargetDependency section */

/* Begin PBXVariantGroup section */
		9409E1221ABF6FEA00312E2B /* Main.storyboard */ = {
			isa = PBXVariantGroup;
			children = (
				9409E1231ABF6FEA00312E2B /* Base */,
			);
			name = Main.storyboard;
			sourceTree = "<group>";
		};
/* End PBXVariantGroup section */

/* Begin XCBuildConfiguration section */
		2C5545C11C1124DE00728469 /* Debug */ = {
			isa = XCBuildConfiguration;
			buildSettings = {
				CODE_SIGN_STYLE = Manual;
				DEBUG_INFORMATION_FORMAT = dwarf;
				DEVELOPMENT_TEAM = "";
				GCC_NO_COMMON_BLOCKS = YES;
				INFOPLIST_FILE = NepaliRadioUITests/Info.plist;
				IPHONEOS_DEPLOYMENT_TARGET = 9.1;
				LD_RUNPATH_SEARCH_PATHS = "$(inherited) @executable_path/Frameworks @loader_path/Frameworks";
				PRODUCT_BUNDLE_IDENTIFIER = jonah.NepaliRadioUITests;
				PRODUCT_NAME = "$(TARGET_NAME)";
				PROVISIONING_PROFILE_SPECIFIER = "";
				SWIFT_VERSION = 3.0;
				TEST_TARGET_NAME = SwiftRadio;
				USES_XCTRUNNER = YES;
			};
			name = Debug;
		};
		2C5545C21C1124DE00728469 /* Release */ = {
			isa = XCBuildConfiguration;
			buildSettings = {
				CODE_SIGN_STYLE = Manual;
				DEBUG_INFORMATION_FORMAT = "dwarf-with-dsym";
				DEVELOPMENT_TEAM = "";
				GCC_NO_COMMON_BLOCKS = YES;
				INFOPLIST_FILE = NepaliRadioUITests/Info.plist;
				IPHONEOS_DEPLOYMENT_TARGET = 9.1;
				LD_RUNPATH_SEARCH_PATHS = "$(inherited) @executable_path/Frameworks @loader_path/Frameworks";
				PRODUCT_BUNDLE_IDENTIFIER = jonah.NepaliRadioUITests;
				PRODUCT_NAME = "$(TARGET_NAME)";
				PROVISIONING_PROFILE_SPECIFIER = "";
				SWIFT_VERSION = 3.0;
				TEST_TARGET_NAME = SwiftRadio;
				USES_XCTRUNNER = YES;
			};
			name = Release;
		};
		9409E1361ABF6FEA00312E2B /* Debug */ = {
			isa = XCBuildConfiguration;
			buildSettings = {
				ALWAYS_SEARCH_USER_PATHS = NO;
				CLANG_CXX_LANGUAGE_STANDARD = "gnu++0x";
				CLANG_CXX_LIBRARY = "libc++";
				CLANG_ENABLE_MODULES = YES;
				CLANG_ENABLE_OBJC_ARC = YES;
				CLANG_WARN_BLOCK_CAPTURE_AUTORELEASING = YES;
				CLANG_WARN_BOOL_CONVERSION = YES;
				CLANG_WARN_COMMA = YES;
				CLANG_WARN_CONSTANT_CONVERSION = YES;
				CLANG_WARN_DIRECT_OBJC_ISA_USAGE = YES_ERROR;
				CLANG_WARN_EMPTY_BODY = YES;
				CLANG_WARN_ENUM_CONVERSION = YES;
				CLANG_WARN_INFINITE_RECURSION = YES;
				CLANG_WARN_INT_CONVERSION = YES;
				CLANG_WARN_NON_LITERAL_NULL_CONVERSION = YES;
				CLANG_WARN_OBJC_LITERAL_CONVERSION = YES;
				CLANG_WARN_OBJC_ROOT_CLASS = YES_ERROR;
				CLANG_WARN_RANGE_LOOP_ANALYSIS = YES;
				CLANG_WARN_STRICT_PROTOTYPES = YES;
				CLANG_WARN_SUSPICIOUS_MOVE = YES;
				CLANG_WARN_UNREACHABLE_CODE = YES;
				CLANG_WARN__DUPLICATE_METHOD_MATCH = YES;
				"CODE_SIGN_IDENTITY[sdk=iphoneos*]" = "iPhone Developer";
				COPY_PHASE_STRIP = NO;
				ENABLE_STRICT_OBJC_MSGSEND = YES;
				ENABLE_TESTABILITY = YES;
				GCC_C_LANGUAGE_STANDARD = gnu99;
				GCC_DYNAMIC_NO_PIC = NO;
				GCC_NO_COMMON_BLOCKS = YES;
				GCC_OPTIMIZATION_LEVEL = 0;
				GCC_PREPROCESSOR_DEFINITIONS = (
					"DEBUG=1",
					"$(inherited)",
				);
				GCC_SYMBOLS_PRIVATE_EXTERN = NO;
				GCC_WARN_64_TO_32_BIT_CONVERSION = YES;
				GCC_WARN_ABOUT_RETURN_TYPE = YES_ERROR;
				GCC_WARN_UNDECLARED_SELECTOR = YES;
				GCC_WARN_UNINITIALIZED_AUTOS = YES_AGGRESSIVE;
				GCC_WARN_UNUSED_FUNCTION = YES;
				GCC_WARN_UNUSED_VARIABLE = YES;
				IPHONEOS_DEPLOYMENT_TARGET = 8.0;
				MTL_ENABLE_DEBUG_INFO = YES;
				ONLY_ACTIVE_ARCH = YES;
				SDKROOT = iphoneos;
				SWIFT_OPTIMIZATION_LEVEL = "-Onone";
			};
			name = Debug;
		};
		9409E1371ABF6FEA00312E2B /* Release */ = {
			isa = XCBuildConfiguration;
			buildSettings = {
				ALWAYS_SEARCH_USER_PATHS = NO;
				CLANG_CXX_LANGUAGE_STANDARD = "gnu++0x";
				CLANG_CXX_LIBRARY = "libc++";
				CLANG_ENABLE_MODULES = YES;
				CLANG_ENABLE_OBJC_ARC = YES;
				CLANG_WARN_BLOCK_CAPTURE_AUTORELEASING = YES;
				CLANG_WARN_BOOL_CONVERSION = YES;
				CLANG_WARN_COMMA = YES;
				CLANG_WARN_CONSTANT_CONVERSION = YES;
				CLANG_WARN_DIRECT_OBJC_ISA_USAGE = YES_ERROR;
				CLANG_WARN_EMPTY_BODY = YES;
				CLANG_WARN_ENUM_CONVERSION = YES;
				CLANG_WARN_INFINITE_RECURSION = YES;
				CLANG_WARN_INT_CONVERSION = YES;
				CLANG_WARN_NON_LITERAL_NULL_CONVERSION = YES;
				CLANG_WARN_OBJC_LITERAL_CONVERSION = YES;
				CLANG_WARN_OBJC_ROOT_CLASS = YES_ERROR;
				CLANG_WARN_RANGE_LOOP_ANALYSIS = YES;
				CLANG_WARN_STRICT_PROTOTYPES = YES;
				CLANG_WARN_SUSPICIOUS_MOVE = YES;
				CLANG_WARN_UNREACHABLE_CODE = YES;
				CLANG_WARN__DUPLICATE_METHOD_MATCH = YES;
				"CODE_SIGN_IDENTITY[sdk=iphoneos*]" = "iPhone Developer";
				COPY_PHASE_STRIP = NO;
				ENABLE_NS_ASSERTIONS = NO;
				ENABLE_STRICT_OBJC_MSGSEND = YES;
				GCC_C_LANGUAGE_STANDARD = gnu99;
				GCC_NO_COMMON_BLOCKS = YES;
				GCC_WARN_64_TO_32_BIT_CONVERSION = YES;
				GCC_WARN_ABOUT_RETURN_TYPE = YES_ERROR;
				GCC_WARN_UNDECLARED_SELECTOR = YES;
				GCC_WARN_UNINITIALIZED_AUTOS = YES_AGGRESSIVE;
				GCC_WARN_UNUSED_FUNCTION = YES;
				GCC_WARN_UNUSED_VARIABLE = YES;
				IPHONEOS_DEPLOYMENT_TARGET = 8.0;
				MTL_ENABLE_DEBUG_INFO = NO;
				SDKROOT = iphoneos;
				SWIFT_OPTIMIZATION_LEVEL = "-Owholemodule";
				VALIDATE_PRODUCT = YES;
			};
			name = Release;
		};
		9409E1391ABF6FEA00312E2B /* Debug */ = {
			isa = XCBuildConfiguration;
			buildSettings = {
				ASSETCATALOG_COMPILER_APPICON_NAME = AppIcon;
				ASSETCATALOG_COMPILER_LAUNCHIMAGE_NAME = LaunchImage;
				CODE_SIGN_IDENTITY = "iPhone Developer";
				"CODE_SIGN_IDENTITY[sdk=iphoneos*]" = "iPhone Developer";
				DEFINES_MODULE = YES;
				DEVELOPMENT_TEAM = ZL35NNQVHR;
				FRAMEWORK_SEARCH_PATHS = (
					"$(inherited)",
					"$(PROJECT_DIR)/SwiftRadio",
				);
				INFOPLIST_FILE = NepaliRadio/Info.plist;
				IPHONEOS_DEPLOYMENT_TARGET = 8.0;
				LD_RUNPATH_SEARCH_PATHS = "$(inherited) @executable_path/Frameworks";
				PRODUCT_BUNDLE_IDENTIFIER = com.teknepal.NepaliRadio;
				PRODUCT_NAME = NepaliRadio;
				PROVISIONING_PROFILE = "";
				SWIFT_INSTALL_OBJC_HEADER = NO;
				SWIFT_VERSION = 3.0;
			};
			name = Debug;
		};
		9409E13A1ABF6FEA00312E2B /* Release */ = {
			isa = XCBuildConfiguration;
			buildSettings = {
				ASSETCATALOG_COMPILER_APPICON_NAME = AppIcon;
				ASSETCATALOG_COMPILER_LAUNCHIMAGE_NAME = LaunchImage;
				CODE_SIGN_IDENTITY = "iPhone Developer";
				"CODE_SIGN_IDENTITY[sdk=iphoneos*]" = "iPhone Developer";
				DEFINES_MODULE = YES;
				DEVELOPMENT_TEAM = ZL35NNQVHR;
				FRAMEWORK_SEARCH_PATHS = (
					"$(inherited)",
					"$(PROJECT_DIR)/SwiftRadio",
				);
				INFOPLIST_FILE = NepaliRadio/Info.plist;
				IPHONEOS_DEPLOYMENT_TARGET = 8.0;
				LD_RUNPATH_SEARCH_PATHS = "$(inherited) @executable_path/Frameworks";
				PRODUCT_BUNDLE_IDENTIFIER = com.teknepal.NepaliRadio;
				PRODUCT_NAME = NepaliRadio;
				PROVISIONING_PROFILE = "";
				SWIFT_INSTALL_OBJC_HEADER = NO;
				SWIFT_VERSION = 3.0;
			};
			name = Release;
		};
/* End XCBuildConfiguration section */

/* Begin XCConfigurationList section */
		2C5545C31C1124DE00728469 /* Build configuration list for PBXNativeTarget "NepaliRadioUITests" */ = {
			isa = XCConfigurationList;
			buildConfigurations = (
				2C5545C11C1124DE00728469 /* Debug */,
				2C5545C21C1124DE00728469 /* Release */,
			);
			defaultConfigurationIsVisible = 0;
			defaultConfigurationName = Release;
		};
		9409E1111ABF6FE900312E2B /* Build configuration list for PBXProject "NepaliRadio" */ = {
			isa = XCConfigurationList;
			buildConfigurations = (
				9409E1361ABF6FEA00312E2B /* Debug */,
				9409E1371ABF6FEA00312E2B /* Release */,
			);
			defaultConfigurationIsVisible = 0;
			defaultConfigurationName = Release;
		};
		9409E1381ABF6FEA00312E2B /* Build configuration list for PBXNativeTarget "NepaliRadio" */ = {
			isa = XCConfigurationList;
			buildConfigurations = (
				9409E1391ABF6FEA00312E2B /* Debug */,
				9409E13A1ABF6FEA00312E2B /* Release */,
			);
			defaultConfigurationIsVisible = 0;
			defaultConfigurationName = Release;
		};
/* End XCConfigurationList section */
	};
	rootObject = 9409E10E1ABF6FE900312E2B /* Project object */;
}
